
Microsoft Visual Studio Solution File, Format Version 12.00
# Visual Studio Version 17
VisualStudioVersion = 17.4.33213.308
MinimumVisualStudioVersion = 10.0.40219.1
Project("{9A19103F-16F7-4668-BE54-9A1E7A4F7556}") = "06.09.2023Wpf", "06.09.2023Wpf\06.09.2023Wpf.csproj", "{76EAEA7A-B495-4EF0-8852-343EFFC73DAA}"
EndProject
Project("{2150E333-8FDC-42A3-9474-1A3956D46DE8}") = "06.09.2023", "06.09.2023", "{C863FCDB-7E82-4CB1-94D1-8A6FA5EE9DFD}"
EndProject
Project("{2150E333-8FDC-42A3-9474-1A3956D46DE8}") = "HomeWork", "HomeWork", "{933EF120-42B1-47DB-8F10-6C720DCE4DFC}"
EndProject
Project("{2150E333-8FDC-42A3-9474-1A3956D46DE8}") = "ClassWork", "ClassWork", "{D9B62896-74AC-4DA0-BD62-E760D9F9BA04}"
EndProject
Project("{2150E333-8FDC-42A3-9474-1A3956D46DE8}") = "08.09.2023", "08.09.2023", "{86F8110E-6C4E-48E2-B658-E7FD34B76482}"
EndProject
Project("{2150E333-8FDC-42A3-9474-1A3956D46DE8}") = "ClassWork", "ClassWork", "{2BA53CE2-7A67-4DE4-A3F5-051C47F1C107}"
EndProject
Project("{2150E333-8FDC-42A3-9474-1A3956D46DE8}") = "HomeWork", "HomeWork", "{BA280663-9F22-40FE-AFC8-7E07B15CD156}"
EndProject
Project("{2150E333-8FDC-42A3-9474-1A3956D46DE8}") = "Any", "Any", "{52A81FFC-B7DF-429A-A54C-106ABF836AC4}"
	ProjectSection(SolutionItems) = preProject
		TextFile1.cs = TextFile1.cs
	EndProjectSection
EndProject
Project("{9A19103F-16F7-4668-BE54-9A1E7A4F7556}") = "Home06.09.2023WPF", "Home06.09.2023WPF\Home06.09.2023WPF.csproj", "{4CB1A984-FBD6-4369-96E7-18B5A080FE55}"
EndProject
Project("{9A19103F-16F7-4668-BE54-9A1E7A4F7556}") = "08.09.2023WPF", "08.09.2023WPF\08.09.2023WPF.csproj", "{9E8ED4E1-243E-4613-A9B9-043F4088D098}"
EndProject
Project("{2150E333-8FDC-42A3-9474-1A3956D46DE8}") = "04.09.2023", "04.09.2023", "{DF5EF837-FF5F-4320-8A31-00D80FF63FFD}"
EndProject
Project("{2150E333-8FDC-42A3-9474-1A3956D46DE8}") = "11.09.2023", "11.09.2023", "{2199234E-024D-4D65-BAAF-BB25BB3C6801}"
EndProject
Project("{2150E333-8FDC-42A3-9474-1A3956D46DE8}") = "Class", "Class", "{DD9C5181-E16D-4D43-A3A1-6CA3BE935E5F}"
EndProject
Project("{9A19103F-16F7-4668-BE54-9A1E7A4F7556}") = "Sync_Primitives", "Sync_Primitives\Sync_Primitives.csproj", "{CA4A277C-8DB0-4590-A6D4-7723916A24D8}"
EndProject
Project("{2150E333-8FDC-42A3-9474-1A3956D46DE8}") = "13.09.2023", "13.09.2023", "{9D2ED812-5274-490B-90EB-5910D3A772DA}"
EndProject
Project("{9A19103F-16F7-4668-BE54-9A1E7A4F7556}") = "Class Паралельне програмування бібліотеки", "Class Паралельне програмування бібліотеки\Class Паралельне програмування бібліотеки.csproj", "{8DE03BE6-2ABA-4431-BDE1-4DDFB2A6243B}"
EndProject
Project("{2150E333-8FDC-42A3-9474-1A3956D46DE8}") = "15.09.2023", "15.09.2023", "{815AD699-26A3-4321-B1C7-6373B3EA8FAB}"
EndProject
Project("{9A19103F-16F7-4668-BE54-9A1E7A4F7556}") = "Паралельне програмування бібліотеки", "Паралельне програмування бібліотеки\Паралельне програмування бібліотеки.csproj", "{6DF179D0-9068-4A96-A6AE-356FD4D44FFA}"
EndProject
Project("{FAE04EC0-301F-11D3-BF4B-00C04F79EFBC}") = "Test", "Test\Test.csproj", "{0B7557AF-5CEC-4564-AB30-52EACB3E4D57}"
EndProject
Project("{FAE04EC0-301F-11D3-BF4B-00C04F79EFBC}") = "Interlocked and Monitor", "Interlocked and Monitor\Interlocked and Monitor.csproj", "{6E1FB3F3-FB3D-41F9-85EA-D93601A458C6}"
EndProject
Project("{FAE04EC0-301F-11D3-BF4B-00C04F79EFBC}") = "TaskManeger", "Processes\TaskManeger.csproj", "{890EC9D5-C567-4AE5-86E1-DBCC0CFA7733}"
EndProject
Project("{FAE04EC0-301F-11D3-BF4B-00C04F79EFBC}") = "Work_EventWaitHandler", "Work_EventWaitHandler\Work_EventWaitHandler.csproj", "{7EBC1CBD-9F81-481A-BF99-402FCEABB5BC}"
EndProject
Global
	GlobalSection(SolutionConfigurationPlatforms) = preSolution
		Debug|Any CPU = Debug|Any CPU
		Release|Any CPU = Release|Any CPU
	EndGlobalSection
	GlobalSection(ProjectConfigurationPlatforms) = postSolution
		{76EAEA7A-B495-4EF0-8852-343EFFC73DAA}.Debug|Any CPU.ActiveCfg = Debug|Any CPU
		{76EAEA7A-B495-4EF0-8852-343EFFC73DAA}.Debug|Any CPU.Build.0 = Debug|Any CPU
		{76EAEA7A-B495-4EF0-8852-343EFFC73DAA}.Release|Any CPU.ActiveCfg = Release|Any CPU
		{76EAEA7A-B495-4EF0-8852-343EFFC73DAA}.Release|Any CPU.Build.0 = Release|Any CPU
		{4CB1A984-FBD6-4369-96E7-18B5A080FE55}.Debug|Any CPU.ActiveCfg = Debug|Any CPU
		{4CB1A984-FBD6-4369-96E7-18B5A080FE55}.Debug|Any CPU.Build.0 = Debug|Any CPU
		{4CB1A984-FBD6-4369-96E7-18B5A080FE55}.Release|Any CPU.ActiveCfg = Release|Any CPU
		{4CB1A984-FBD6-4369-96E7-18B5A080FE55}.Release|Any CPU.Build.0 = Release|Any CPU
		{9E8ED4E1-243E-4613-A9B9-043F4088D098}.Debug|Any CPU.ActiveCfg = Debug|Any CPU
		{9E8ED4E1-243E-4613-A9B9-043F4088D098}.Debug|Any CPU.Build.0 = Debug|Any CPU
		{9E8ED4E1-243E-4613-A9B9-043F4088D098}.Release|Any CPU.ActiveCfg = Release|Any CPU
		{9E8ED4E1-243E-4613-A9B9-043F4088D098}.Release|Any CPU.Build.0 = Release|Any CPU
		{CA4A277C-8DB0-4590-A6D4-7723916A24D8}.Debug|Any CPU.ActiveCfg = Debug|Any CPU
		{CA4A277C-8DB0-4590-A6D4-7723916A24D8}.Debug|Any CPU.Build.0 = Debug|Any CPU
		{CA4A277C-8DB0-4590-A6D4-7723916A24D8}.Release|Any CPU.ActiveCfg = Release|Any CPU
		{CA4A277C-8DB0-4590-A6D4-7723916A24D8}.Release|Any CPU.Build.0 = Release|Any CPU
		{8DE03BE6-2ABA-4431-BDE1-4DDFB2A6243B}.Debug|Any CPU.ActiveCfg = Debug|Any CPU
		{8DE03BE6-2ABA-4431-BDE1-4DDFB2A6243B}.Debug|Any CPU.Build.0 = Debug|Any CPU
		{8DE03BE6-2ABA-4431-BDE1-4DDFB2A6243B}.Release|Any CPU.ActiveCfg = Release|Any CPU
		{8DE03BE6-2ABA-4431-BDE1-4DDFB2A6243B}.Release|Any CPU.Build.0 = Release|Any CPU
		{6DF179D0-9068-4A96-A6AE-356FD4D44FFA}.Debug|Any CPU.ActiveCfg = Debug|Any CPU
		{6DF179D0-9068-4A96-A6AE-356FD4D44FFA}.Debug|Any CPU.Build.0 = Debug|Any CPU
		{6DF179D0-9068-4A96-A6AE-356FD4D44FFA}.Release|Any CPU.ActiveCfg = Release|Any CPU
		{6DF179D0-9068-4A96-A6AE-356FD4D44FFA}.Release|Any CPU.Build.0 = Release|Any CPU
		{0B7557AF-5CEC-4564-AB30-52EACB3E4D57}.Debug|Any CPU.ActiveCfg = Debug|Any CPU
		{0B7557AF-5CEC-4564-AB30-52EACB3E4D57}.Debug|Any CPU.Build.0 = Debug|Any CPU
		{0B7557AF-5CEC-4564-AB30-52EACB3E4D57}.Release|Any CPU.ActiveCfg = Release|Any CPU
		{0B7557AF-5CEC-4564-AB30-52EACB3E4D57}.Release|Any CPU.Build.0 = Release|Any CPU
		{6E1FB3F3-FB3D-41F9-85EA-D93601A458C6}.Debug|Any CPU.ActiveCfg = Debug|Any CPU
		{6E1FB3F3-FB3D-41F9-85EA-D93601A458C6}.Debug|Any CPU.Build.0 = Debug|Any CPU
		{6E1FB3F3-FB3D-41F9-85EA-D93601A458C6}.Release|Any CPU.ActiveCfg = Release|Any CPU
		{6E1FB3F3-FB3D-41F9-85EA-D93601A458C6}.Release|Any CPU.Build.0 = Release|Any CPU
		{890EC9D5-C567-4AE5-86E1-DBCC0CFA7733}.Debug|Any CPU.ActiveCfg = Debug|Any CPU
		{890EC9D5-C567-4AE5-86E1-DBCC0CFA7733}.Debug|Any CPU.Build.0 = Debug|Any CPU
		{890EC9D5-C567-4AE5-86E1-DBCC0CFA7733}.Release|Any CPU.ActiveCfg = Release|Any CPU
		{890EC9D5-C567-4AE5-86E1-DBCC0CFA7733}.Release|Any CPU.Build.0 = Release|Any CPU
		{7EBC1CBD-9F81-481A-BF99-402FCEABB5BC}.Debug|Any CPU.ActiveCfg = Debug|Any CPU
		{7EBC1CBD-9F81-481A-BF99-402FCEABB5BC}.Debug|Any CPU.Build.0 = Debug|Any CPU
		{7EBC1CBD-9F81-481A-BF99-402FCEABB5BC}.Release|Any CPU.ActiveCfg = Release|Any CPU
		{7EBC1CBD-9F81-481A-BF99-402FCEABB5BC}.Release|Any CPU.Build.0 = Release|Any CPU
	EndGlobalSection
	GlobalSection(SolutionProperties) = preSolution
		HideSolutionNode = FALSE
	EndGlobalSection
	GlobalSection(NestedProjects) = preSolution
		{76EAEA7A-B495-4EF0-8852-343EFFC73DAA} = {D9B62896-74AC-4DA0-BD62-E760D9F9BA04}
		{933EF120-42B1-47DB-8F10-6C720DCE4DFC} = {C863FCDB-7E82-4CB1-94D1-8A6FA5EE9DFD}
		{D9B62896-74AC-4DA0-BD62-E760D9F9BA04} = {C863FCDB-7E82-4CB1-94D1-8A6FA5EE9DFD}
		{2BA53CE2-7A67-4DE4-A3F5-051C47F1C107} = {86F8110E-6C4E-48E2-B658-E7FD34B76482}
		{BA280663-9F22-40FE-AFC8-7E07B15CD156} = {86F8110E-6C4E-48E2-B658-E7FD34B76482}
		{4CB1A984-FBD6-4369-96E7-18B5A080FE55} = {933EF120-42B1-47DB-8F10-6C720DCE4DFC}
		{9E8ED4E1-243E-4613-A9B9-043F4088D098} = {2BA53CE2-7A67-4DE4-A3F5-051C47F1C107}
		{DD9C5181-E16D-4D43-A3A1-6CA3BE935E5F} = {2199234E-024D-4D65-BAAF-BB25BB3C6801}
		{CA4A277C-8DB0-4590-A6D4-7723916A24D8} = {DD9C5181-E16D-4D43-A3A1-6CA3BE935E5F}
		{8DE03BE6-2ABA-4431-BDE1-4DDFB2A6243B} = {9D2ED812-5274-490B-90EB-5910D3A772DA}
		{6DF179D0-9068-4A96-A6AE-356FD4D44FFA} = {815AD699-26A3-4321-B1C7-6373B3EA8FAB}
		{0B7557AF-5CEC-4564-AB30-52EACB3E4D57} = {52A81FFC-B7DF-429A-A54C-106ABF836AC4}
		{6E1FB3F3-FB3D-41F9-85EA-D93601A458C6} = {BA280663-9F22-40FE-AFC8-7E07B15CD156}
		{890EC9D5-C567-4AE5-86E1-DBCC0CFA7733} = {DF5EF837-FF5F-4320-8A31-00D80FF63FFD}
		{7EBC1CBD-9F81-481A-BF99-402FCEABB5BC} = {2199234E-024D-4D65-BAAF-BB25BB3C6801}
	EndGlobalSection
	GlobalSection(ExtensibilityGlobals) = postSolution
		SolutionGuid = {BA05B022-6A40-40B5-81BB-40C16BCCFC56}
	EndGlobalSection
EndGlobal
