
Microsoft Visual Studio Solution File, Format Version 12.00
# Visual Studio Version 17
VisualStudioVersion = 17.4.33213.308
MinimumVisualStudioVersion = 10.0.40219.1
Project("{9A19103F-16F7-4668-BE54-9A1E7A4F7556}") = "06.09.2023Wpf", "06.09.2023Wpf\06.09.2023Wpf.csproj", "{76EAEA7A-B495-4EF0-8852-343EFFC73DAA}"
EndProject
Project("{2150E333-8FDC-42A3-9474-1A3956D46DE8}") = "06.09.2023", "06.09.2023", "{C863FCDB-7E82-4CB1-94D1-8A6FA5EE9DFD}"
EndProject
Project("{2150E333-8FDC-42A3-9474-1A3956D46DE8}") = "HomeWork", "HomeWork", "{933EF120-42B1-47DB-8F10-6C720DCE4DFC}"
EndProject
Project("{2150E333-8FDC-42A3-9474-1A3956D46DE8}") = "ClassWork", "ClassWork", "{D9B62896-74AC-4DA0-BD62-E760D9F9BA04}"
EndProject
Project("{2150E333-8FDC-42A3-9474-1A3956D46DE8}") = "08.09.2023", "08.09.2023", "{86F8110E-6C4E-48E2-B658-E7FD34B76482}"
EndProject
Project("{2150E333-8FDC-42A3-9474-1A3956D46DE8}") = "ClassWork", "ClassWork", "{2BA53CE2-7A67-4DE4-A3F5-051C47F1C107}"
EndProject
Project("{2150E333-8FDC-42A3-9474-1A3956D46DE8}") = "HomeWork", "HomeWork", "{BA280663-9F22-40FE-AFC8-7E07B15CD156}"
EndProject
Project("{2150E333-8FDC-42A3-9474-1A3956D46DE8}") = "Any", "Any", "{52A81FFC-B7DF-429A-A54C-106ABF836AC4}"
	ProjectSection(SolutionItems) = preProject
		TextFile1.cs = TextFile1.cs
	EndProjectSection
EndProject
Project("{9A19103F-16F7-4668-BE54-9A1E7A4F7556}") = "Home06.09.2023WPF", "Home06.09.2023WPF\Home06.09.2023WPF.csproj", "{4CB1A984-FBD6-4369-96E7-18B5A080FE55}"
EndProject
Project("{9A19103F-16F7-4668-BE54-9A1E7A4F7556}") = "08.09.2023WPF", "08.09.2023WPF\08.09.2023WPF.csproj", "{9E8ED4E1-243E-4613-A9B9-043F4088D098}"
EndProject
Project("{2150E333-8FDC-42A3-9474-1A3956D46DE8}") = "04.09.2023", "04.09.2023", "{DF5EF837-FF5F-4320-8A31-00D80FF63FFD}"
EndProject
Project("{2150E333-8FDC-42A3-9474-1A3956D46DE8}") = "11.09.2023", "11.09.2023", "{2199234E-024D-4D65-BAAF-BB25BB3C6801}"
EndProject
Project("{2150E333-8FDC-42A3-9474-1A3956D46DE8}") = "Class", "Class", "{DD9C5181-E16D-4D43-A3A1-6CA3BE935E5F}"
EndProject
Project("{9A19103F-16F7-4668-BE54-9A1E7A4F7556}") = "Sync_Primitives", "Sync_Primitives\Sync_Primitives.csproj", "{CA4A277C-8DB0-4590-A6D4-7723916A24D8}"
EndProject
Project("{2150E333-8FDC-42A3-9474-1A3956D46DE8}") = "Class", "Class", "{EDBED91D-8358-4526-8BF3-AB8D4FC1D667}"
EndProject
Project("{9A19103F-16F7-4668-BE54-9A1E7A4F7556}") = "Sync_Primitives_2", "Sync_Primitives_2\Sync_Primitives_2.csproj", "{00DBE7DD-08F6-4ACA-8590-C6405848C366}"
EndProject
Project("{2150E333-8FDC-42A3-9474-1A3956D46DE8}") = "13.09.2023", "13.09.2023", "{9D2ED812-5274-490B-90EB-5910D3A772DA}"
EndProject
Project("{9A19103F-16F7-4668-BE54-9A1E7A4F7556}") = "Class Паралельне програмування бібліотеки", "Class Паралельне програмування бібліотеки\Class Паралельне програмування бібліотеки.csproj", "{8DE03BE6-2ABA-4431-BDE1-4DDFB2A6243B}"
EndProject
Project("{2150E333-8FDC-42A3-9474-1A3956D46DE8}") = "15.09.2023", "15.09.2023", "{815AD699-26A3-4321-B1C7-6373B3EA8FAB}"
EndProject
Project("{9A19103F-16F7-4668-BE54-9A1E7A4F7556}") = "Паралельне програмування бібліотеки", "Паралельне програмування бібліотеки\Паралельне програмування бібліотеки.csproj", "{6DF179D0-9068-4A96-A6AE-356FD4D44FFA}"
EndProject
Project("{FAE04EC0-301F-11D3-BF4B-00C04F79EFBC}") = "TaskManeger", "TaskManeger\TaskManeger.csproj", "{890EC9D5-C567-4AE5-86E1-DBCC0CFA7733}"
EndProject
Project("{9A19103F-16F7-4668-BE54-9A1E7A4F7556}") = "Interlock", "Interlock\Interlock.csproj", "{237153B3-AE46-4F80-BF05-C7BD4D00E94B}"
EndProject
Project("{2150E333-8FDC-42A3-9474-1A3956D46DE8}") = "25.09.2023", "25.09.2023", "{6075B8D7-4384-4C5B-90D4-28D16D98EB58}"
EndProject
Project("{2150E333-8FDC-42A3-9474-1A3956D46DE8}") = "Class", "Class", "{7E33C482-F725-49B0-BAD0-FE1CA607C94B}"
EndProject
Project("{9A19103F-16F7-4668-BE54-9A1E7A4F7556}") = "Sync_Client", "Sync_Client\Sync_Client.csproj", "{EEE42C95-D303-43EB-8BBB-D9B81FC66DD0}"
EndProject
Project("{9A19103F-16F7-4668-BE54-9A1E7A4F7556}") = "Sync_Server", "Sync_Server\Sync_Server.csproj", "{92C00953-C2C8-4F3D-B467-BCFB1EB1D45E}"
EndProject
Project("{FAE04EC0-301F-11D3-BF4B-00C04F79EFBC}") = "Create Random Folders and Files", "Create Random Folders and Files\Create Random Folders and Files.csproj", "{38D84DC6-D9EF-43C5-BC23-7B99E49FF121}"
EndProject
Project("{2150E333-8FDC-42A3-9474-1A3956D46DE8}") = "27.09.2023", "27.09.2023", "{03683110-C58B-4C70-92B9-ECFD8F34DE3E}"
EndProject
Project("{2150E333-8FDC-42A3-9474-1A3956D46DE8}") = "Class", "Class", "{A19F1D0E-41EE-4197-8D27-B21FFFA0A6B9}"
EndProject
Project("{FAE04EC0-301F-11D3-BF4B-00C04F79EFBC}") = "Test VIN", "Test VIN\Test VIN.csproj", "{26650504-8A18-44E9-91F8-145A1C8ACF32}"
EndProject
Project("{FAE04EC0-301F-11D3-BF4B-00C04F79EFBC}") = "VIN Server", "VIN Server\VIN Server.csproj", "{4BFF910C-0F05-414D-9A05-068381E093EA}"
EndProject
Project("{FAE04EC0-301F-11D3-BF4B-00C04F79EFBC}") = "shared_data", "..\..\..\repos\Network-Sockets-TCP\shared_data\shared_data.csproj", "{CE5833C5-2DED-471C-8331-8FD2782ED2C9}"
EndProject
Project("{9A19103F-16F7-4668-BE54-9A1E7A4F7556}") = "VIN_Automobile", "VIN_Automobile\VIN_Automobile.csproj", "{4C9BBFEB-0102-4566-B54F-F054BEAB66A3}"
EndProject
Global
	GlobalSection(SolutionConfigurationPlatforms) = preSolution
		Debug|Any CPU = Debug|Any CPU
		Release|Any CPU = Release|Any CPU
	EndGlobalSection
	GlobalSection(ProjectConfigurationPlatforms) = postSolution
		{76EAEA7A-B495-4EF0-8852-343EFFC73DAA}.Debug|Any CPU.ActiveCfg = Debug|Any CPU
		{76EAEA7A-B495-4EF0-8852-343EFFC73DAA}.Debug|Any CPU.Build.0 = Debug|Any CPU
		{76EAEA7A-B495-4EF0-8852-343EFFC73DAA}.Release|Any CPU.ActiveCfg = Release|Any CPU
		{76EAEA7A-B495-4EF0-8852-343EFFC73DAA}.Release|Any CPU.Build.0 = Release|Any CPU
		{4CB1A984-FBD6-4369-96E7-18B5A080FE55}.Debug|Any CPU.ActiveCfg = Debug|Any CPU
		{4CB1A984-FBD6-4369-96E7-18B5A080FE55}.Debug|Any CPU.Build.0 = Debug|Any CPU
		{4CB1A984-FBD6-4369-96E7-18B5A080FE55}.Release|Any CPU.ActiveCfg = Release|Any CPU
		{4CB1A984-FBD6-4369-96E7-18B5A080FE55}.Release|Any CPU.Build.0 = Release|Any CPU
		{9E8ED4E1-243E-4613-A9B9-043F4088D098}.Debug|Any CPU.ActiveCfg = Debug|Any CPU
		{9E8ED4E1-243E-4613-A9B9-043F4088D098}.Debug|Any CPU.Build.0 = Debug|Any CPU
		{9E8ED4E1-243E-4613-A9B9-043F4088D098}.Release|Any CPU.ActiveCfg = Release|Any CPU
		{9E8ED4E1-243E-4613-A9B9-043F4088D098}.Release|Any CPU.Build.0 = Release|Any CPU
		{CA4A277C-8DB0-4590-A6D4-7723916A24D8}.Debug|Any CPU.ActiveCfg = Debug|Any CPU
		{CA4A277C-8DB0-4590-A6D4-7723916A24D8}.Debug|Any CPU.Build.0 = Debug|Any CPU
		{CA4A277C-8DB0-4590-A6D4-7723916A24D8}.Release|Any CPU.ActiveCfg = Release|Any CPU
		{CA4A277C-8DB0-4590-A6D4-7723916A24D8}.Release|Any CPU.Build.0 = Release|Any CPU
		{00DBE7DD-08F6-4ACA-8590-C6405848C366}.Debug|Any CPU.ActiveCfg = Debug|Any CPU
		{00DBE7DD-08F6-4ACA-8590-C6405848C366}.Debug|Any CPU.Build.0 = Debug|Any CPU
		{00DBE7DD-08F6-4ACA-8590-C6405848C366}.Release|Any CPU.ActiveCfg = Release|Any CPU
		{00DBE7DD-08F6-4ACA-8590-C6405848C366}.Release|Any CPU.Build.0 = Release|Any CPU
		{8DE03BE6-2ABA-4431-BDE1-4DDFB2A6243B}.Debug|Any CPU.ActiveCfg = Debug|Any CPU
		{8DE03BE6-2ABA-4431-BDE1-4DDFB2A6243B}.Debug|Any CPU.Build.0 = Debug|Any CPU
		{8DE03BE6-2ABA-4431-BDE1-4DDFB2A6243B}.Release|Any CPU.ActiveCfg = Release|Any CPU
		{8DE03BE6-2ABA-4431-BDE1-4DDFB2A6243B}.Release|Any CPU.Build.0 = Release|Any CPU
		{6DF179D0-9068-4A96-A6AE-356FD4D44FFA}.Debug|Any CPU.ActiveCfg = Debug|Any CPU
		{6DF179D0-9068-4A96-A6AE-356FD4D44FFA}.Debug|Any CPU.Build.0 = Debug|Any CPU
		{6DF179D0-9068-4A96-A6AE-356FD4D44FFA}.Release|Any CPU.ActiveCfg = Release|Any CPU
		{6DF179D0-9068-4A96-A6AE-356FD4D44FFA}.Release|Any CPU.Build.0 = Release|Any CPU
		{890EC9D5-C567-4AE5-86E1-DBCC0CFA7733}.Debug|Any CPU.ActiveCfg = Debug|Any CPU
		{890EC9D5-C567-4AE5-86E1-DBCC0CFA7733}.Debug|Any CPU.Build.0 = Debug|Any CPU
		{890EC9D5-C567-4AE5-86E1-DBCC0CFA7733}.Release|Any CPU.ActiveCfg = Release|Any CPU
		{890EC9D5-C567-4AE5-86E1-DBCC0CFA7733}.Release|Any CPU.Build.0 = Release|Any CPU
		{237153B3-AE46-4F80-BF05-C7BD4D00E94B}.Debug|Any CPU.ActiveCfg = Debug|Any CPU
		{237153B3-AE46-4F80-BF05-C7BD4D00E94B}.Debug|Any CPU.Build.0 = Debug|Any CPU
		{237153B3-AE46-4F80-BF05-C7BD4D00E94B}.Release|Any CPU.ActiveCfg = Release|Any CPU
		{237153B3-AE46-4F80-BF05-C7BD4D00E94B}.Release|Any CPU.Build.0 = Release|Any CPU
		{EEE42C95-D303-43EB-8BBB-D9B81FC66DD0}.Debug|Any CPU.ActiveCfg = Debug|Any CPU
		{EEE42C95-D303-43EB-8BBB-D9B81FC66DD0}.Debug|Any CPU.Build.0 = Debug|Any CPU
		{EEE42C95-D303-43EB-8BBB-D9B81FC66DD0}.Release|Any CPU.ActiveCfg = Release|Any CPU
		{EEE42C95-D303-43EB-8BBB-D9B81FC66DD0}.Release|Any CPU.Build.0 = Release|Any CPU
		{92C00953-C2C8-4F3D-B467-BCFB1EB1D45E}.Debug|Any CPU.ActiveCfg = Debug|Any CPU
		{92C00953-C2C8-4F3D-B467-BCFB1EB1D45E}.Debug|Any CPU.Build.0 = Debug|Any CPU
		{92C00953-C2C8-4F3D-B467-BCFB1EB1D45E}.Release|Any CPU.ActiveCfg = Release|Any CPU
		{92C00953-C2C8-4F3D-B467-BCFB1EB1D45E}.Release|Any CPU.Build.0 = Release|Any CPU
		{38D84DC6-D9EF-43C5-BC23-7B99E49FF121}.Debug|Any CPU.ActiveCfg = Debug|Any CPU
		{38D84DC6-D9EF-43C5-BC23-7B99E49FF121}.Debug|Any CPU.Build.0 = Debug|Any CPU
		{38D84DC6-D9EF-43C5-BC23-7B99E49FF121}.Release|Any CPU.ActiveCfg = Release|Any CPU
		{38D84DC6-D9EF-43C5-BC23-7B99E49FF121}.Release|Any CPU.Build.0 = Release|Any CPU
		{26650504-8A18-44E9-91F8-145A1C8ACF32}.Debug|Any CPU.ActiveCfg = Debug|Any CPU
		{26650504-8A18-44E9-91F8-145A1C8ACF32}.Debug|Any CPU.Build.0 = Debug|Any CPU
		{26650504-8A18-44E9-91F8-145A1C8ACF32}.Release|Any CPU.ActiveCfg = Release|Any CPU
		{26650504-8A18-44E9-91F8-145A1C8ACF32}.Release|Any CPU.Build.0 = Release|Any CPU
		{4BFF910C-0F05-414D-9A05-068381E093EA}.Debug|Any CPU.ActiveCfg = Debug|Any CPU
		{4BFF910C-0F05-414D-9A05-068381E093EA}.Debug|Any CPU.Build.0 = Debug|Any CPU
		{4BFF910C-0F05-414D-9A05-068381E093EA}.Release|Any CPU.ActiveCfg = Release|Any CPU
		{4BFF910C-0F05-414D-9A05-068381E093EA}.Release|Any CPU.Build.0 = Release|Any CPU
		{CE5833C5-2DED-471C-8331-8FD2782ED2C9}.Debug|Any CPU.ActiveCfg = Debug|Any CPU
		{CE5833C5-2DED-471C-8331-8FD2782ED2C9}.Debug|Any CPU.Build.0 = Debug|Any CPU
		{CE5833C5-2DED-471C-8331-8FD2782ED2C9}.Release|Any CPU.ActiveCfg = Release|Any CPU
		{CE5833C5-2DED-471C-8331-8FD2782ED2C9}.Release|Any CPU.Build.0 = Release|Any CPU
		{4C9BBFEB-0102-4566-B54F-F054BEAB66A3}.Debug|Any CPU.ActiveCfg = Debug|Any CPU
		{4C9BBFEB-0102-4566-B54F-F054BEAB66A3}.Debug|Any CPU.Build.0 = Debug|Any CPU
		{4C9BBFEB-0102-4566-B54F-F054BEAB66A3}.Release|Any CPU.ActiveCfg = Release|Any CPU
		{4C9BBFEB-0102-4566-B54F-F054BEAB66A3}.Release|Any CPU.Build.0 = Release|Any CPU
	EndGlobalSection
	GlobalSection(SolutionProperties) = preSolution
		HideSolutionNode = FALSE
	EndGlobalSection
	GlobalSection(NestedProjects) = preSolution
		{76EAEA7A-B495-4EF0-8852-343EFFC73DAA} = {D9B62896-74AC-4DA0-BD62-E760D9F9BA04}
		{933EF120-42B1-47DB-8F10-6C720DCE4DFC} = {C863FCDB-7E82-4CB1-94D1-8A6FA5EE9DFD}
		{D9B62896-74AC-4DA0-BD62-E760D9F9BA04} = {C863FCDB-7E82-4CB1-94D1-8A6FA5EE9DFD}
		{2BA53CE2-7A67-4DE4-A3F5-051C47F1C107} = {86F8110E-6C4E-48E2-B658-E7FD34B76482}
		{BA280663-9F22-40FE-AFC8-7E07B15CD156} = {86F8110E-6C4E-48E2-B658-E7FD34B76482}
		{4CB1A984-FBD6-4369-96E7-18B5A080FE55} = {933EF120-42B1-47DB-8F10-6C720DCE4DFC}
		{9E8ED4E1-243E-4613-A9B9-043F4088D098} = {2BA53CE2-7A67-4DE4-A3F5-051C47F1C107}
		{DD9C5181-E16D-4D43-A3A1-6CA3BE935E5F} = {2199234E-024D-4D65-BAAF-BB25BB3C6801}
		{CA4A277C-8DB0-4590-A6D4-7723916A24D8} = {EDBED91D-8358-4526-8BF3-AB8D4FC1D667}
		{EDBED91D-8358-4526-8BF3-AB8D4FC1D667} = {DD9C5181-E16D-4D43-A3A1-6CA3BE935E5F}
		{00DBE7DD-08F6-4ACA-8590-C6405848C366} = {EDBED91D-8358-4526-8BF3-AB8D4FC1D667}
		{8DE03BE6-2ABA-4431-BDE1-4DDFB2A6243B} = {9D2ED812-5274-490B-90EB-5910D3A772DA}
		{6DF179D0-9068-4A96-A6AE-356FD4D44FFA} = {815AD699-26A3-4321-B1C7-6373B3EA8FAB}
		{890EC9D5-C567-4AE5-86E1-DBCC0CFA7733} = {DF5EF837-FF5F-4320-8A31-00D80FF63FFD}
		{237153B3-AE46-4F80-BF05-C7BD4D00E94B} = {BA280663-9F22-40FE-AFC8-7E07B15CD156}
		{7E33C482-F725-49B0-BAD0-FE1CA607C94B} = {6075B8D7-4384-4C5B-90D4-28D16D98EB58}
		{EEE42C95-D303-43EB-8BBB-D9B81FC66DD0} = {7E33C482-F725-49B0-BAD0-FE1CA607C94B}
		{92C00953-C2C8-4F3D-B467-BCFB1EB1D45E} = {7E33C482-F725-49B0-BAD0-FE1CA607C94B}
		{38D84DC6-D9EF-43C5-BC23-7B99E49FF121} = {52A81FFC-B7DF-429A-A54C-106ABF836AC4}
		{A19F1D0E-41EE-4197-8D27-B21FFFA0A6B9} = {03683110-C58B-4C70-92B9-ECFD8F34DE3E}
		{26650504-8A18-44E9-91F8-145A1C8ACF32} = {52A81FFC-B7DF-429A-A54C-106ABF836AC4}
		{4BFF910C-0F05-414D-9A05-068381E093EA} = {A19F1D0E-41EE-4197-8D27-B21FFFA0A6B9}
		{CE5833C5-2DED-471C-8331-8FD2782ED2C9} = {A19F1D0E-41EE-4197-8D27-B21FFFA0A6B9}
		{4C9BBFEB-0102-4566-B54F-F054BEAB66A3} = {A19F1D0E-41EE-4197-8D27-B21FFFA0A6B9}
	EndGlobalSection
	GlobalSection(ExtensibilityGlobals) = postSolution
		SolutionGuid = {BA05B022-6A40-40B5-81BB-40C16BCCFC56}
	EndGlobalSection
EndGlobal
